
Microsoft Visual Studio Solution File, Format Version 12.00
# Visual Studio 15
VisualStudioVersion = 15.0.27004.2006
MinimumVisualStudioVersion = 10.0.40219.1
Project("{FAE04EC0-301F-11D3-BF4B-00C04F79EFBC}") = "PrinterNightmare", "PrinterNightmare.csproj", "{6E16B520-0383-4EBA-814A-4B8AD2A5DA10}"
EndProject
Global
	GlobalSection(SolutionConfigurationPlatforms) = preSolution
		Debug|x86 = Debug|x86
		Release|x86 = Release|x86
	EndGlobalSection
	GlobalSection(ProjectConfigurationPlatforms) = postSolution
		{6E16B520-0383-4EBA-814A-4B8AD2A5DA10}.Debug|x86.ActiveCfg = Debug|x86
		{6E16B520-0383-4EBA-814A-4B8AD2A5DA10}.Debug|x86.Build.0 = Debug|x86
		{6E16B520-0383-4EBA-814A-4B8AD2A5DA10}.Release|x86.ActiveCfg = Release|x86
		{6E16B520-0383-4EBA-814A-4B8AD2A5DA10}.Release|x86.Build.0 = Release|x86
	EndGlobalSection
	GlobalSection(SolutionProperties) = preSolution
		HideSolutionNode = FALSE
	EndGlobalSection
	GlobalSection(ExtensibilityGlobals) = postSolution
		SolutionGuid = {216E502B-CD40-4C85-A020-0C6C0D4040B3}
	EndGlobalSection
EndGlobal
